
Microsoft Visual Studio Solution File, Format Version 12.00
# Visual Studio Version 17
VisualStudioVersion = 17.5.33530.505
MinimumVisualStudioVersion = 10.0.40219.1
Project("{FAE04EC0-301F-11D3-BF4B-00C04F79EFBC}") = "ProjektNotizbuch", "ProjektNotizbuch\ProjektNotizbuch.csproj", "{781E353E-529C-47DB-B826-9C544866185F}"
EndProject
Global
	GlobalSection(SolutionConfigurationPlatforms) = preSolution
		Debug|Any CPU = Debug|Any CPU
		Release|Any CPU = Release|Any CPU
	EndGlobalSection
	GlobalSection(ProjectConfigurationPlatforms) = postSolution
		{781E353E-529C-47DB-B826-9C544866185F}.Debug|Any CPU.ActiveCfg = Debug|Any CPU
		{781E353E-529C-47DB-B826-9C544866185F}.Debug|Any CPU.Build.0 = Debug|Any CPU
		{781E353E-529C-47DB-B826-9C544866185F}.Release|Any CPU.ActiveCfg = Release|Any CPU
		{781E353E-529C-47DB-B826-9C544866185F}.Release|Any CPU.Build.0 = Release|Any CPU
	EndGlobalSection
	GlobalSection(SolutionProperties) = preSolution
		HideSolutionNode = FALSE
	EndGlobalSection
	GlobalSection(ExtensibilityGlobals) = postSolution
		SolutionGuid = {86ECB113-01FF-430B-A8B5-898C302456F1}
	EndGlobalSection
EndGlobal
